
Microsoft Visual Studio Solution File, Format Version 12.00
# Visual Studio Version 16
VisualStudioVersion = 16.0.29025.244
MinimumVisualStudioVersion = 10.0.40219.1
Project("{FAE04EC0-301F-11D3-BF4B-00C04F79EFBC}") = "Wcf_SME", "Wcf_SME.csproj", "{E6C4C226-3402-439A-9BE9-FA66F754D4C7}"
EndProject
Global
	GlobalSection(SolutionConfigurationPlatforms) = preSolution
		Debug|Any CPU = Debug|Any CPU
		Release|Any CPU = Release|Any CPU
	EndGlobalSection
	GlobalSection(ProjectConfigurationPlatforms) = postSolution
		{E6C4C226-3402-439A-9BE9-FA66F754D4C7}.Debug|Any CPU.ActiveCfg = Debug|Any CPU
		{E6C4C226-3402-439A-9BE9-FA66F754D4C7}.Debug|Any CPU.Build.0 = Debug|Any CPU
		{E6C4C226-3402-439A-9BE9-FA66F754D4C7}.Release|Any CPU.ActiveCfg = Release|Any CPU
		{E6C4C226-3402-439A-9BE9-FA66F754D4C7}.Release|Any CPU.Build.0 = Release|Any CPU
	EndGlobalSection
	GlobalSection(SolutionProperties) = preSolution
		HideSolutionNode = FALSE
	EndGlobalSection
	GlobalSection(ExtensibilityGlobals) = postSolution
		SolutionGuid = {A117635A-C6E7-422F-B881-CDA681D1B0EF}
	EndGlobalSection
EndGlobal
